// !$*UTF8*$!
{
	archiveVersion = 1;
	classes = {
	};
	objectVersion = 55;
	objects = {

/* Begin PBXBuildFile section */
		DFDBECAE274E86EC007BCD51 /* AppDelegate.swift in Sources */ = {isa = PBXBuildFile; fileRef = DFDBECAD274E86EC007BCD51 /* AppDelegate.swift */; };
		DFDBECB0274E86EC007BCD51 /* SceneDelegate.swift in Sources */ = {isa = PBXBuildFile; fileRef = DFDBECAF274E86EC007BCD51 /* SceneDelegate.swift */; };
		DFDBECB2274E86EC007BCD51 /* ViewController.swift in Sources */ = {isa = PBXBuildFile; fileRef = DFDBECB1274E86EC007BCD51 /* ViewController.swift */; };
		DFDBECB5274E86EC007BCD51 /* Main.storyboard in Resources */ = {isa = PBXBuildFile; fileRef = DFDBECB3274E86EC007BCD51 /* Main.storyboard */; };
		DFDBECB7274E86ED007BCD51 /* Assets.xcassets in Resources */ = {isa = PBXBuildFile; fileRef = DFDBECB6274E86ED007BCD51 /* Assets.xcassets */; };
		DFDBECBA274E86ED007BCD51 /* LaunchScreen.storyboard in Resources */ = {isa = PBXBuildFile; fileRef = DFDBECB8274E86ED007BCD51 /* LaunchScreen.storyboard */; };
		DFDBECC2274E8A18007BCD51 /* detailsVC.swift in Sources */ = {isa = PBXBuildFile; fileRef = DFDBECC1274E8A18007BCD51 /* detailsVC.swift */; };
		DFDBECC4274E8FFD007BCD51 /* Simpson.swift in Sources */ = {isa = PBXBuildFile; fileRef = DFDBECC3274E8FFD007BCD51 /* Simpson.swift */; };
/* End PBXBuildFile section */

/* Begin PBXFileReference section */
		DFDBECAA274E86EC007BCD51 /* UdemySimpsonBook.app */ = {isa = PBXFileReference; explicitFileType = wrapper.application; includeInIndex = 0; path = UdemySimpsonBook.app; sourceTree = BUILT_PRODUCTS_DIR; };
		DFDBECAD274E86EC007BCD51 /* AppDelegate.swift */ = {isa = PBXFileReference; lastKnownFileType = sourcecode.swift; path = AppDelegate.swift; sourceTree = "<group>"; };
		DFDBECAF274E86EC007BCD51 /* SceneDelegate.swift */ = {isa = PBXFileReference; lastKnownFileType = sourcecode.swift; path = SceneDelegate.swift; sourceTree = "<group>"; };
		DFDBECB1274E86EC007BCD51 /* ViewController.swift */ = {isa = PBXFileReference; lastKnownFileType = sourcecode.swift; path = ViewController.swift; sourceTree = "<group>"; };
		DFDBECB4274E86EC007BCD51 /* Base */ = {isa = PBXFileReference; lastKnownFileType = file.storyboard; name = Base; path = Base.lproj/Main.storyboard; sourceTree = "<group>"; };
		DFDBECB6274E86ED007BCD51 /* Assets.xcassets */ = {isa = PBXFileReference; lastKnownFileType = folder.assetcatalog; path = Assets.xcassets; sourceTree = "<group>"; };
		DFDBECB9274E86ED007BCD51 /* Base */ = {isa = PBXFileReference; lastKnownFileType = file.storyboard; name = Base; path = Base.lproj/LaunchScreen.storyboard; sourceTree = "<group>"; };
		DFDBECBB274E86ED007BCD51 /* Info.plist */ = {isa = PBXFileReference; lastKnownFileType = text.plist.xml; path = Info.plist; sourceTree = "<group>"; };
		DFDBECC1274E8A18007BCD51 /* detailsVC.swift */ = {isa = PBXFileReference; lastKnownFileType = sourcecode.swift; path = detailsVC.swift; sourceTree = "<group>"; };
		DFDBECC3274E8FFD007BCD51 /* Simpson.swift */ = {isa = PBXFileReference; lastKnownFileType = sourcecode.swift; path = Simpson.swift; sourceTree = "<group>"; };
/* End PBXFileReference section */

/* Begin PBXFrameworksBuildPhase section */
		DFDBECA7274E86EC007BCD51 /* Frameworks */ = {
			isa = PBXFrameworksBuildPhase;
			buildActionMask = 2147483647;
			files = (
			);
			runOnlyForDeploymentPostprocessing = 0;
		};
/* End PBXFrameworksBuildPhase section */

/* Begin PBXGroup section */
		DFDBECA1274E86EC007BCD51 = {
			isa = PBXGroup;
			children = (
				DFDBECAC274E86EC007BCD51 /* UdemySimpsonBook */,
				DFDBECAB274E86EC007BCD51 /* Products */,
			);
			sourceTree = "<group>";
		};
		DFDBECAB274E86EC007BCD51 /* Products */ = {
			isa = PBXGroup;
			children = (
				DFDBECAA274E86EC007BCD51 /* UdemySimpsonBook.app */,
			);
			name = Products;
			sourceTree = "<group>";
		};
		DFDBECAC274E86EC007BCD51 /* UdemySimpsonBook */ = {
			isa = PBXGroup;
			children = (
				DFDBECAD274E86EC007BCD51 /* AppDelegate.swift */,
				DFDBECAF274E86EC007BCD51 /* SceneDelegate.swift */,
				DFDBECB1274E86EC007BCD51 /* ViewController.swift */,
				DFDBECB3274E86EC007BCD51 /* Main.storyboard */,
				DFDBECB6274E86ED007BCD51 /* Assets.xcassets */,
				DFDBECB8274E86ED007BCD51 /* LaunchScreen.storyboard */,
				DFDBECBB274E86ED007BCD51 /* Info.plist */,
				DFDBECC1274E8A18007BCD51 /* detailsVC.swift */,
				DFDBECC3274E8FFD007BCD51 /* Simpson.swift */,
			);
			path = UdemySimpsonBook;
			sourceTree = "<group>";
		};
/* End PBXGroup section */

/* Begin PBXNativeTarget section */
		DFDBECA9274E86EC007BCD51 /* UdemySimpsonBook */ = {
			isa = PBXNativeTarget;
			buildConfigurationList = DFDBECBE274E86ED007BCD51 /* Build configuration list for PBXNativeTarget "UdemySimpsonBook" */;
			buildPhases = (
				DFDBECA6274E86EC007BCD51 /* Sources */,
				DFDBECA7274E86EC007BCD51 /* Frameworks */,
				DFDBECA8274E86EC007BCD51 /* Resources */,
			);
			buildRules = (
			);
			dependencies = (
			);
			name = UdemySimpsonBook;
			productName = UdemySimpsonBook;
			productReference = DFDBECAA274E86EC007BCD51 /* UdemySimpsonBook.app */;
			productType = "com.apple.product-type.application";
		};
/* End PBXNativeTarget section */

/* Begin PBXProject section */
		DFDBECA2274E86EC007BCD51 /* Project object */ = {
			isa = PBXProject;
			attributes = {
				BuildIndependentTargetsInParallel = 1;
				LastSwiftUpdateCheck = 1300;
				LastUpgradeCheck = 1300;
				TargetAttributes = {
					DFDBECA9274E86EC007BCD51 = {
						CreatedOnToolsVersion = 13.0;
					};
				};
			};
			buildConfigurationList = DFDBECA5274E86EC007BCD51 /* Build configuration list for PBXProject "UdemySimpsonBook" */;
			compatibilityVersion = "Xcode 13.0";
			developmentRegion = en;
			hasScannedForEncodings = 0;
			knownRegions = (
				en,
				Base,
			);
			mainGroup = DFDBECA1274E86EC007BCD51;
			productRefGroup = DFDBECAB274E86EC007BCD51 /* Products */;
			projectDirPath = "";
			projectRoot = "";
			targets = (
				DFDBECA9274E86EC007BCD51 /* UdemySimpsonBook */,
			);
		};
/* End PBXProject section */

/* Begin PBXResourcesBuildPhase section */
		DFDBECA8274E86EC007BCD51 /* Resources */ = {
			isa = PBXResourcesBuildPhase;
			buildActionMask = 2147483647;
			files = (
				DFDBECBA274E86ED007BCD51 /* LaunchScreen.storyboard in Resources */,
				DFDBECB7274E86ED007BCD51 /* Assets.xcassets in Resources */,
				DFDBECB5274E86EC007BCD51 /* Main.storyboard in Resources */,
			);
			runOnlyForDeploymentPostprocessing = 0;
		};
/* End PBXResourcesBuildPhase section */

/* Begin PBXSourcesBuildPhase section */
		DFDBECA6274E86EC007BCD51 /* Sources */ = {
			isa = PBXSourcesBuildPhase;
			buildActionMask = 2147483647;
			files = (
				DFDBECB2274E86EC007BCD51 /* ViewController.swift in Sources */,
				DFDBECC2274E8A18007BCD51 /* detailsVC.swift in Sources */,
				DFDBECAE274E86EC007BCD51 /* AppDelegate.swift in Sources */,
				DFDBECB0274E86EC007BCD51 /* SceneDelegate.swift in Sources */,
				DFDBECC4274E8FFD007BCD51 /* Simpson.swift in Sources */,
			);
			runOnlyForDeploymentPostprocessing = 0;
		};
/* End PBXSourcesBuildPhase section */

/* Begin PBXVariantGroup section */
		DFDBECB3274E86EC007BCD51 /* Main.storyboard */ = {
			isa = PBXVariantGroup;
			children = (
				DFDBECB4274E86EC007BCD51 /* Base */,
			);
			name = Main.storyboard;
			sourceTree = "<group>";
		};
		DFDBECB8274E86ED007BCD51 /* LaunchScreen.storyboard */ = {
			isa = PBXVariantGroup;
			children = (
				DFDBECB9274E86ED007BCD51 /* Base */,
			);
			name = LaunchScreen.storyboard;
			sourceTree = "<group>";
		};
/* End PBXVariantGroup section */

/* Begin XCBuildConfiguration section */
		DFDBECBC274E86ED007BCD51 /* Debug */ = {
			isa = XCBuildConfiguration;
			buildSettings = {
				ALWAYS_SEARCH_USER_PATHS = NO;
				CLANG_ANALYZER_NONNULL = YES;
				CLANG_ANALYZER_NUMBER_OBJECT_CONVERSION = YES_AGGRESSIVE;
				CLANG_CXX_LANGUAGE_STANDARD = "gnu++17";
				CLANG_CXX_LIBRARY = "libc++";
				CLANG_ENABLE_MODULES = YES;
				CLANG_ENABLE_OBJC_ARC = YES;
				CLANG_ENABLE_OBJC_WEAK = YES;
				CLANG_WARN_BLOCK_CAPTURE_AUTORELEASING = YES;
				CLANG_WARN_BOOL_CONVERSION = YES;
				CLANG_WARN_COMMA = YES;
				CLANG_WARN_CONSTANT_CONVERSION = YES;
				CLANG_WARN_DEPRECATED_OBJC_IMPLEMENTATIONS = YES;
				CLANG_WARN_DIRECT_OBJC_ISA_USAGE = YES_ERROR;
				CLANG_WARN_DOCUMENTATION_COMMENTS = YES;
				CLANG_WARN_EMPTY_BODY = YES;
				CLANG_WARN_ENUM_CONVERSION = YES;
				CLANG_WARN_INFINITE_RECURSION = YES;
				CLANG_WARN_INT_CONVERSION = YES;
				CLANG_WARN_NON_LITERAL_NULL_CONVERSION = YES;
				CLANG_WARN_OBJC_IMPLICIT_RETAIN_SELF = YES;
				CLANG_WARN_OBJC_LITERAL_CONVERSION = YES;
				CLANG_WARN_OBJC_ROOT_CLASS = YES_ERROR;
				CLANG_WARN_QUOTED_INCLUDE_IN_FRAMEWORK_HEADER = YES;
				CLANG_WARN_RANGE_LOOP_ANALYSIS = YES;
				CLANG_WARN_STRICT_PROTOTYPES = YES;
				CLANG_WARN_SUSPICIOUS_MOVE = YES;
				CLANG_WARN_UNGUARDED_AVAILABILITY = YES_AGGRESSIVE;
				CLANG_WARN_UNREACHABLE_CODE = YES;
				CLANG_WARN__DUPLICATE_METHOD_MATCH = YES;
				COPY_PHASE_STRIP = NO;
				DEBUG_INFORMATION_FORMAT = dwarf;
				ENABLE_STRICT_OBJC_MSGSEND = YES;
				ENABLE_TESTABILITY = YES;
				GCC_C_LANGUAGE_STANDARD = gnu11;
				GCC_DYNAMIC_NO_PIC = NO;
				GCC_NO_COMMON_BLOCKS = YES;
				GCC_OPTIMIZATION_LEVEL = 0;
				GCC_PREPROCESSOR_DEFINITIONS = (
					"DEBUG=1",
					"$(inherited)",
				);
				GCC_WARN_64_TO_32_BIT_CONVERSION = YES;
				GCC_WARN_ABOUT_RETURN_TYPE = YES_ERROR;
				GCC_WARN_UNDECLARED_SELECTOR = YES;
				GCC_WARN_UNINITIALIZED_AUTOS = YES_AGGRESSIVE;
				GCC_WARN_UNUSED_FUNCTION = YES;
				GCC_WARN_UNUSED_VARIABLE = YES;
				IPHONEOS_DEPLOYMENT_TARGET = 15.0;
				MTL_ENABLE_DEBUG_INFO = INCLUDE_SOURCE;
				MTL_FAST_MATH = YES;
				ONLY_ACTIVE_ARCH = YES;
				SDKROOT = iphoneos;
				SWIFT_ACTIVE_COMPILATION_CONDITIONS = DEBUG;
				SWIFT_OPTIMIZATION_LEVEL = "-Onone";
			};
			name = Debug;
		};
		DFDBECBD274E86ED007BCD51 /* Release */ = {
			isa = XCBuildConfiguration;
			buildSettings = {
				ALWAYS_SEARCH_USER_PATHS = NO;
				CLANG_ANALYZER_NONNULL = YES;
				CLANG_ANALYZER_NUMBER_OBJECT_CONVERSION = YES_AGGRESSIVE;
				CLANG_CXX_LANGUAGE_STANDARD = "gnu++17";
				CLANG_CXX_LIBRARY = "libc++";
				CLANG_ENABLE_MODULES = YES;
				CLANG_ENABLE_OBJC_ARC = YES;
				CLANG_ENABLE_OBJC_WEAK = YES;
				CLANG_WARN_BLOCK_CAPTURE_AUTORELEASING = YES;
				CLANG_WARN_BOOL_CONVERSION = YES;
				CLANG_WARN_COMMA = YES;
				CLANG_WARN_CONSTANT_CONVERSION = YES;
				CLANG_WARN_DEPRECATED_OBJC_IMPLEMENTATIONS = YES;
				CLANG_WARN_DIRECT_OBJC_ISA_USAGE = YES_ERROR;
				CLANG_WARN_DOCUMENTATION_COMMENTS = YES;
				CLANG_WARN_EMPTY_BODY = YES;
				CLANG_WARN_ENUM_CONVERSION = YES;
				CLANG_WARN_INFINITE_RECURSION = YES;
				CLANG_WARN_INT_CONVERSION = YES;
				CLANG_WARN_NON_LITERAL_NULL_CONVERSION = YES;
				CLANG_WARN_OBJC_IMPLICIT_RETAIN_SELF = YES;
				CLANG_WARN_OBJC_LITERAL_CONVERSION = YES;
				CLANG_WARN_OBJC_ROOT_CLASS = YES_ERROR;
				CLANG_WARN_QUOTED_INCLUDE_IN_FRAMEWORK_HEADER = YES;
				CLANG_WARN_RANGE_LOOP_ANALYSIS = YES;
				CLANG_WARN_STRICT_PROTOTYPES = YES;
				CLANG_WARN_SUSPICIOUS_MOVE = YES;
				CLANG_WARN_UNGUARDED_AVAILABILITY = YES_AGGRESSIVE;
				CLANG_WARN_UNREACHABLE_CODE = YES;
				CLANG_WARN__DUPLICATE_METHOD_MATCH = YES;
				COPY_PHASE_STRIP = NO;
				DEBUG_INFORMATION_FORMAT = "dwarf-with-dsym";
				ENABLE_NS_ASSERTIONS = NO;
				ENABLE_STRICT_OBJC_MSGSEND = YES;
				GCC_C_LANGUAGE_STANDARD = gnu11;
				GCC_NO_COMMON_BLOCKS = YES;
				GCC_WARN_64_TO_32_BIT_CONVERSION = YES;
				GCC_WARN_ABOUT_RETURN_TYPE = YES_ERROR;
				GCC_WARN_UNDECLARED_SELECTOR = YES;
				GCC_WARN_UNINITIALIZED_AUTOS = YES_AGGRESSIVE;
				GCC_WARN_UNUSED_FUNCTION = YES;
				GCC_WARN_UNUSED_VARIABLE = YES;
				IPHONEOS_DEPLOYMENT_TARGET = 15.0;
				MTL_ENABLE_DEBUG_INFO = NO;
				MTL_FAST_MATH = YES;
				SDKROOT = iphoneos;
				SWIFT_COMPILATION_MODE = wholemodule;
				SWIFT_OPTIMIZATION_LEVEL = "-O";
				VALIDATE_PRODUCT = YES;
			};
			name = Release;
		};
		DFDBECBF274E86ED007BCD51 /* Debug */ = {
			isa = XCBuildConfiguration;
			buildSettings = {
				ASSETCATALOG_COMPILER_APPICON_NAME = AppIcon;
				ASSETCATALOG_COMPILER_GLOBAL_ACCENT_COLOR_NAME = AccentColor;
				CODE_SIGN_STYLE = Automatic;
				CURRENT_PROJECT_VERSION = 1;
				GENERATE_INFOPLIST_FILE = YES;
				INFOPLIST_FILE = UdemySimpsonBook/Info.plist;
				INFOPLIST_KEY_UIApplicationSupportsIndirectInputEvents = YES;
				INFOPLIST_KEY_UILaunchStoryboardName = LaunchScreen;
				INFOPLIST_KEY_UIMainStoryboardFile = Main;
				INFOPLIST_KEY_UISupportedInterfaceOrientations_iPad = "UIInterfaceOrientationPortrait UIInterfaceOrientationPortraitUpsideDown UIInterfaceOrientationLandscapeLeft UIInterfaceOrientationLandscapeRight";
				INFOPLIST_KEY_UISupportedInterfaceOrientations_iPhone = "UIInterfaceOrientationPortrait UIInterfaceOrientationLandscapeLeft UIInterfaceOrientationLandscapeRight";
				LD_RUNPATH_SEARCH_PATHS = (
					"$(inherited)",
					"@executable_path/Frameworks",
				);
				MARKETING_VERSION = 1.0;
				PRODUCT_BUNDLE_IDENTIFIER = com.kaanyalcinkaya.UdemySimpsonBook;
				PRODUCT_NAME = "$(TARGET_NAME)";
				SWIFT_EMIT_LOC_STRINGS = YES;
				SWIFT_VERSION = 5.0;
				TARGETED_DEVICE_FAMILY = "1,2";
			};
			name = Debug;
		};
		DFDBECC0274E86ED007BCD51 /* Release */ = {
			isa = XCBuildConfiguration;
			buildSettings = {
				ASSETCATALOG_COMPILER_APPICON_NAME = AppIcon;
				ASSETCATALOG_COMPILER_GLOBAL_ACCENT_COLOR_NAME = AccentColor;
				CODE_SIGN_STYLE = Automatic;
				CURRENT_PROJECT_VERSION = 1;
				GENERATE_INFOPLIST_FILE = YES;
				INFOPLIST_FILE = UdemySimpsonBook/Info.plist;
				INFOPLIST_KEY_UIApplicationSupportsIndirectInputEvents = YES;
				INFOPLIST_KEY_UILaunchStoryboardName = LaunchScreen;
				INFOPLIST_KEY_UIMainStoryboardFile = Main;
				INFOPLIST_KEY_UISupportedInterfaceOrientations_iPad = "UIInterfaceOrientationPortrait UIInterfaceOrientationPortraitUpsideDown UIInterfaceOrientationLandscapeLeft UIInterfaceOrientationLandscapeRight";
				INFOPLIST_KEY_UISupportedInterfaceOrientations_iPhone = "UIInterfaceOrientationPortrait UIInterfaceOrientationLandscapeLeft UIInterfaceOrientationLandscapeRight";
				LD_RUNPATH_SEARCH_PATHS = (
					"$(inherited)",
					"@executable_path/Frameworks",
				);
				MARKETING_VERSION = 1.0;
				PRODUCT_BUNDLE_IDENTIFIER = com.kaanyalcinkaya.UdemySimpsonBook;
				PRODUCT_NAME = "$(TARGET_NAME)";
				SWIFT_EMIT_LOC_STRINGS = YES;
				SWIFT_VERSION = 5.0;
				TARGETED_DEVICE_FAMILY = "1,2";
			};
			name = Release;
		};
/* End XCBuildConfiguration section */

/* Begin XCConfigurationList section */
		DFDBECA5274E86EC007BCD51 /* Build configuration list for PBXProject "UdemySimpsonBook" */ = {
			isa = XCConfigurationList;
			buildConfigurations = (
				DFDBECBC274E86ED007BCD51 /* Debug */,
				DFDBECBD274E86ED007BCD51 /* Release */,
			);
			defaultConfigurationIsVisible = 0;
			defaultConfigurationName = Release;
		};
		DFDBECBE274E86ED007BCD51 /* Build configuration list for PBXNativeTarget "UdemySimpsonBook" */ = {
			isa = XCConfigurationList;
			buildConfigurations = (
				DFDBECBF274E86ED007BCD51 /* Debug */,
				DFDBECC0274E86ED007BCD51 /* Release */,
			);
			defaultConfigurationIsVisible = 0;
			defaultConfigurationName = Release;
		};
/* End XCConfigurationList section */
	};
	rootObject = DFDBECA2274E86EC007BCD51 /* Project object */;
}
